# SPIP core pin — www.monel.co
#
# 4.4.21 is the minimum safe release: it fixes CVE-2026-77647 (4.4.20) *and*
# CVE-2026-77806 (4.4.21). 4.4.20 alone is NOT sufficient — see
# incidents/2026-08-21-spip-rce-webshell.md §3.1a.
#
# Never lower this. The build workflow refuses to run below 4.4.21.
# Bump it via ./bin/check-updates.sh --rehash, which recomputes the checksum.
#
# WHY THE ZIP AND NOT COMPOSER
#
# `composer create-project spip/spip` does NOT install plugins-dist. That package
# requires only spip/ecrire, spip/dist, spip/prive and spip/security; the twenty
# bundled plugins are described by plugins-dist.json — a manifest of git repos and
# tags — and are expected to be cloned by SPIP's own dev tooling.
#
# The result is an installation that boots and renders a simple page, but has no
# medias, mediabox, porte_plume, safehtml, textwheel, svp, forum or urls_etendues.
# It fails in ways that look unrelated to the cause: with urls_etendues absent, any
# article URL raises "Missing a url function for type propres".
#
# The official zip is the composition upstream actually ships and tests, in one
# artifact with one checksum. It also removes composer from the build, so there is
# no transitive-dependency resolution to pin separately.

SPIP_VERSION=4.4.23
SPIP_URL=https://files.spip.net/spip/archives/spip-v4.4.23.zip
SPIP_SHA256=110e0cce617512a7e98dba7babbc6772f1bc40d6c22fbc50d16fceab40b95da6
SPIP_SIZE=9779745
