# SPIP contrib plugin lockfile — www.monel.co
#
# Pinned set of plugins baked into the read-only image. Nothing here is fetched
# at runtime; the back-office plugin installer is disabled (see php/zz-spip-hardening.ini).
#
# Source of truth: https://plugins.spip.net/depots/principal.xml  (SVP "principal" depot)
# Archive base:    https://files.spip.org/spip-zone/
#
# Format (pipe-separated, one plugin per line):
#   name | version | archive-path (relative to archive base) | sha256 | size-bytes
#
# The sha256 values were computed from the downloaded archives on 2026-08-26.
# Archive URLs on this depot are immutable per version, so a mismatch means either
# upstream re-published the tag or the download was tampered with. Either way: stop.
#
# To check for newer releases:  ./bin/check-updates.sh
# To refresh a pin after review: edit the line, then run ./bin/check-updates.sh --rehash

bootstrap4|4.7.2|spip-contrib-extensions/bootstrap4-100cb-bootstrap4-v4.7.2.zip|e244f0e231c1a2104f02b66dcace1c329bac98efee9dd9e15391579edf95e2bb|1408097
facteur|5.5.0|spip-contrib-extensions/facteur-2c4f9-facteur-5.5.0.zip|bbaad498a5554307c338969e725da8e0d53bf6c7475bce82e9009771db2bcff3|260932
formidable|7.6.3|spip-contrib-extensions/formidable-929a3-formidable-7.6.3.zip|81c9250aec7f7f2ed228e26e97a261c9297fe3d72685f4022d4647fd3cf10c95|292417
nospam|3.0.1|spip-contrib-extensions/nospam-f85e8-nospam-3.0.1.zip|0689af8aac209caf95c22b650793fe84605a4cfea776d8de2af4c58d5173e85e|100606
saisies|6.3.6|spip-contrib-extensions/saisies-222af-saisies-6.3.6.zip|0696fb09a01e9ba1658c5ef14895a70c360df88573f1629ae4405c2bc6dafcb8|362313
scssphp|3.1.2|spip-contrib-extensions/scssphp-b9dcc-scssphp-3.1.2.zip|76f731a8400fe4f1713e9facf50b36f59cbfb69255a789225271ba41845051e1|144308
select2|2.1.2|spip-contrib-extensions/select2-728e5-select2-2.1.2.zip|4e1bf1b0e8f321310fd519f945ba9407679e089f066470cb74194b560e434738|247941
spip_bonux|4.4.1|spip-contrib-extensions/spip-bonux-d8bab-spip-bonux-4.4.1.zip|94afbd0c958ade1e09b0b8ce0deff7d23016632a39c223995cdcdb48d3bfbb25|49106
verifier|3.9.2|spip-contrib-extensions/verifier-0673c-verifier-3.9.2.zip|11e7409599a1391183653581a137f7abf98d4aca2e24d0e37d4d8e1bc58024d9|206746
yaml|3.3.0|spip-contrib-extensions/yaml-e320e-yaml-3.3.0.zip|b53721acf5e73f8a86c8857d2f53680ca2c6a5960dfa3b62db900f2b9c92b155|102130
